
Microsoft Visual Studio Solution File, Format Version 12.00
# Visual Studio Version 17
VisualStudioVersion = 17.8.34525.116
MinimumVisualStudioVersion = 10.0.40219.1
Project("{2150E333-8FDC-42A3-9474-1A3956D46DE8}") = "01 - Application", "01 - Application", "{83DEE574-EE36-46A6-877D-F326A26FFC68}"
EndProject
Project("{2150E333-8FDC-42A3-9474-1A3956D46DE8}") = "02 - Domain", "02 - Domain", "{5DEBA629-7C74-4CBF-86BA-910D0748B9F6}"
EndProject
Project("{2150E333-8FDC-42A3-9474-1A3956D46DE8}") = "04 - Infra", "04 - Infra", "{3E3483A9-C3B6-4ECD-AA65-8AD094C079F5}"
EndProject
Project("{2150E333-8FDC-42A3-9474-1A3956D46DE8}") = "Api", "Api", "{EA9DF52D-2B0A-4E90-92B5-9F5CD9A49A55}"
EndProject
Project("{2150E333-8FDC-42A3-9474-1A3956D46DE8}") = "Messaging", "Messaging", "{82ABBB22-0A6D-4B54-8F9E-EACD27C7D73E}"
EndProject
Project("{2150E333-8FDC-42A3-9474-1A3956D46DE8}") = "Core", "Core", "{DFF534DE-41E0-452E-8B59-9F79DFD93512}"
EndProject
Project("{2150E333-8FDC-42A3-9474-1A3956D46DE8}") = "Infrastructure", "Infrastructure", "{D7AB78CC-E06E-4BD6-8A2D-36EC59D6E005}"
EndProject
Project("{2150E333-8FDC-42A3-9474-1A3956D46DE8}") = "Tests", "Tests", "{7317AB1B-701B-4D98-90F2-FD22C26E5597}"
EndProject
Project("{2150E333-8FDC-42A3-9474-1A3956D46DE8}") = "ApplicationTests", "ApplicationTests", "{DE5E3FE4-4409-43AA-AAF7-AFFB1F908A16}"
EndProject
Project("{2150E333-8FDC-42A3-9474-1A3956D46DE8}") = "DomainTests", "DomainTests", "{AD511D86-E4E7-4EAE-AE4A-C95E6DC4E43D}"
EndProject
Project("{2150E333-8FDC-42A3-9474-1A3956D46DE8}") = "InfrastructureTests", "InfrastructureTests", "{09230192-4192-42CA-B0C2-09D656CB20F9}"
EndProject
Project("{9A19103F-16F7-4668-BE54-9A1E7A4F7556}") = "BikeRentalSystem.Api", "src\BikeRentalSystem.Api\BikeRentalSystem.Api.csproj", "{77562329-0470-478B-909E-8DB942CA846B}"
	ProjectSection(ProjectDependencies) = postProject
		{8DAF62B5-5EC9-4642-A6E2-0C695E0F7BFE} = {8DAF62B5-5EC9-4642-A6E2-0C695E0F7BFE}
	EndProjectSection
EndProject
Project("{9A19103F-16F7-4668-BE54-9A1E7A4F7556}") = "BikeRentalSystem.Core", "src\BikeRentalSystem.Core\BikeRentalSystem.Core.csproj", "{7A66CE93-EFFB-4860-A645-84922548E29A}"
EndProject
Project("{9A19103F-16F7-4668-BE54-9A1E7A4F7556}") = "BikeRentalSystem.Infrastructure", "src\BikeRentalSystem.Infrastructure\BikeRentalSystem.Infrastructure.csproj", "{33BC6A54-ACEB-49D8-9873-9A0F9E484A12}"
	ProjectSection(ProjectDependencies) = postProject
		{8DAF62B5-5EC9-4642-A6E2-0C695E0F7BFE} = {8DAF62B5-5EC9-4642-A6E2-0C695E0F7BFE}
	EndProjectSection
EndProject
Project("{2150E333-8FDC-42A3-9474-1A3956D46DE8}") = "03 - Service", "03 - Service", "{9670A7B4-9849-41AC-860D-6B0CDD7D8011}"
EndProject
Project("{9A19103F-16F7-4668-BE54-9A1E7A4F7556}") = "BikeRentalSystem.RentalServices", "src\BikeRentalSystem.Services\BikeRentalSystem.RentalServices.csproj", "{9A51E491-69E4-42DA-890F-82FCBA22A8AB}"
	ProjectSection(ProjectDependencies) = postProject
		{8DAF62B5-5EC9-4642-A6E2-0C695E0F7BFE} = {8DAF62B5-5EC9-4642-A6E2-0C695E0F7BFE}
	EndProjectSection
EndProject
Project("{9A19103F-16F7-4668-BE54-9A1E7A4F7556}") = "BikeRentalSystem.Messaging", "src\BikeRentalSystem.Messaging\BikeRentalSystem.Messaging.csproj", "{5F5A59A8-460D-470F-B0A7-8043DEFC5930}"
	ProjectSection(ProjectDependencies) = postProject
		{8DAF62B5-5EC9-4642-A6E2-0C695E0F7BFE} = {8DAF62B5-5EC9-4642-A6E2-0C695E0F7BFE}
	EndProjectSection
EndProject
Project("{2150E333-8FDC-42A3-9474-1A3956D46DE8}") = "RentalServices", "RentalServices", "{BE4B5721-6B28-43F7-9342-0F77D8B09313}"
EndProject
Project("{9A19103F-16F7-4668-BE54-9A1E7A4F7556}") = "BikeRentalSystem.Shared", "src\BikeRentalSystem.Shared\BikeRentalSystem.Shared.csproj", "{8DAF62B5-5EC9-4642-A6E2-0C695E0F7BFE}"
EndProject
Project("{2150E333-8FDC-42A3-9474-1A3956D46DE8}") = "Identity", "Identity", "{EDC6E3E8-6A7A-45B1-819F-CF3C6B4957E5}"
EndProject
Project("{FAE04EC0-301F-11D3-BF4B-00C04F79EFBC}") = "BikeRentalSystem.Identity", "src\BikeRentalSystem.Identity\BikeRentalSystem.Identity.csproj", "{4EEABEAD-064E-451C-9DDA-59ED8F12E252}"
EndProject
Project("{2150E333-8FDC-42A3-9474-1A3956D46DE8}") = "ServiceTests", "ServiceTests", "{6BF97EFD-6DB9-484A-BCDE-9B2B97B13798}"
EndProject
Project("{FAE04EC0-301F-11D3-BF4B-00C04F79EFBC}") = "BikeRentalSystem.Core.Tests", "test\BikeRentalSystem.Core.Tests\BikeRentalSystem.Core.Tests.csproj", "{B08F08D1-C0D0-492A-8809-B4698562D7B7}"
EndProject
Project("{FAE04EC0-301F-11D3-BF4B-00C04F79EFBC}") = "BikeRentalSystem.Infrastructure.Tests", "test\BikeRentalSystem.Infrastructure.Tests\BikeRentalSystem.Infrastructure.Tests.csproj", "{D3E4798B-F688-4507-A7D6-3CEA9E0EFE23}"
EndProject
Project("{FAE04EC0-301F-11D3-BF4B-00C04F79EFBC}") = "BikeRentalSystem.RentalServices.Tests", "test\BikeRentalSystem.RentalServices.Tests\BikeRentalSystem.RentalServices.Tests.csproj", "{685ED1F9-07BA-4E97-97EF-17F4A207BE54}"
EndProject
Project("{FAE04EC0-301F-11D3-BF4B-00C04F79EFBC}") = "BikeRentalSystem.Api.Tests", "test\BikeRentalSystem.Api.Tests\BikeRentalSystem.Api.Tests.csproj", "{9538A82B-D11A-4D20-B8C8-E1531AD2FAF8}"
EndProject
Project("{FAE04EC0-301F-11D3-BF4B-00C04F79EFBC}") = "BikeRentalSystem.Messaging.Tests", "test\BikeRentalSystem.Messaging.Tests\BikeRentalSystem.Messaging.Tests.csproj", "{07E6D2B2-C82B-42EE-9ACD-01DB83F692BF}"
EndProject
Project("{FAE04EC0-301F-11D3-BF4B-00C04F79EFBC}") = "BikeRentalSystem.Identity.Tests", "test\BikeRentalSystem.Identity.Tests\BikeRentalSystem.Identity.Tests.csproj", "{0246F494-5AD7-4EB4-A7A7-3F40F7ABCF3E}"
EndProject
Project("{FAE04EC0-301F-11D3-BF4B-00C04F79EFBC}") = "BikeRentalSystem.Shared.Tests", "test\BikeRentalSystem.Shared.Tests\BikeRentalSystem.Shared.Tests.csproj", "{1974E80A-95D7-4B18-8DAA-F609E86DB418}"
EndProject
Global
	GlobalSection(SolutionConfigurationPlatforms) = preSolution
		Debug|Any CPU = Debug|Any CPU
		Release|Any CPU = Release|Any CPU
	EndGlobalSection
	GlobalSection(ProjectConfigurationPlatforms) = postSolution
		{77562329-0470-478B-909E-8DB942CA846B}.Debug|Any CPU.ActiveCfg = Debug|Any CPU
		{77562329-0470-478B-909E-8DB942CA846B}.Debug|Any CPU.Build.0 = Debug|Any CPU
		{77562329-0470-478B-909E-8DB942CA846B}.Release|Any CPU.ActiveCfg = Release|Any CPU
		{77562329-0470-478B-909E-8DB942CA846B}.Release|Any CPU.Build.0 = Release|Any CPU
		{7A66CE93-EFFB-4860-A645-84922548E29A}.Debug|Any CPU.ActiveCfg = Debug|Any CPU
		{7A66CE93-EFFB-4860-A645-84922548E29A}.Debug|Any CPU.Build.0 = Debug|Any CPU
		{7A66CE93-EFFB-4860-A645-84922548E29A}.Release|Any CPU.ActiveCfg = Release|Any CPU
		{7A66CE93-EFFB-4860-A645-84922548E29A}.Release|Any CPU.Build.0 = Release|Any CPU
		{33BC6A54-ACEB-49D8-9873-9A0F9E484A12}.Debug|Any CPU.ActiveCfg = Debug|Any CPU
		{33BC6A54-ACEB-49D8-9873-9A0F9E484A12}.Debug|Any CPU.Build.0 = Debug|Any CPU
		{33BC6A54-ACEB-49D8-9873-9A0F9E484A12}.Release|Any CPU.ActiveCfg = Release|Any CPU
		{33BC6A54-ACEB-49D8-9873-9A0F9E484A12}.Release|Any CPU.Build.0 = Release|Any CPU
		{9A51E491-69E4-42DA-890F-82FCBA22A8AB}.Debug|Any CPU.ActiveCfg = Debug|Any CPU
		{9A51E491-69E4-42DA-890F-82FCBA22A8AB}.Debug|Any CPU.Build.0 = Debug|Any CPU
		{9A51E491-69E4-42DA-890F-82FCBA22A8AB}.Release|Any CPU.ActiveCfg = Release|Any CPU
		{9A51E491-69E4-42DA-890F-82FCBA22A8AB}.Release|Any CPU.Build.0 = Release|Any CPU
		{5F5A59A8-460D-470F-B0A7-8043DEFC5930}.Debug|Any CPU.ActiveCfg = Debug|Any CPU
		{5F5A59A8-460D-470F-B0A7-8043DEFC5930}.Debug|Any CPU.Build.0 = Debug|Any CPU
		{5F5A59A8-460D-470F-B0A7-8043DEFC5930}.Release|Any CPU.ActiveCfg = Release|Any CPU
		{5F5A59A8-460D-470F-B0A7-8043DEFC5930}.Release|Any CPU.Build.0 = Release|Any CPU
		{8DAF62B5-5EC9-4642-A6E2-0C695E0F7BFE}.Debug|Any CPU.ActiveCfg = Debug|Any CPU
		{8DAF62B5-5EC9-4642-A6E2-0C695E0F7BFE}.Debug|Any CPU.Build.0 = Debug|Any CPU
		{8DAF62B5-5EC9-4642-A6E2-0C695E0F7BFE}.Release|Any CPU.ActiveCfg = Release|Any CPU
		{8DAF62B5-5EC9-4642-A6E2-0C695E0F7BFE}.Release|Any CPU.Build.0 = Release|Any CPU
		{4EEABEAD-064E-451C-9DDA-59ED8F12E252}.Debug|Any CPU.ActiveCfg = Debug|Any CPU
		{4EEABEAD-064E-451C-9DDA-59ED8F12E252}.Debug|Any CPU.Build.0 = Debug|Any CPU
		{4EEABEAD-064E-451C-9DDA-59ED8F12E252}.Release|Any CPU.ActiveCfg = Release|Any CPU
		{4EEABEAD-064E-451C-9DDA-59ED8F12E252}.Release|Any CPU.Build.0 = Release|Any CPU
		{B08F08D1-C0D0-492A-8809-B4698562D7B7}.Debug|Any CPU.ActiveCfg = Debug|Any CPU
		{B08F08D1-C0D0-492A-8809-B4698562D7B7}.Debug|Any CPU.Build.0 = Debug|Any CPU
		{B08F08D1-C0D0-492A-8809-B4698562D7B7}.Release|Any CPU.ActiveCfg = Release|Any CPU
		{B08F08D1-C0D0-492A-8809-B4698562D7B7}.Release|Any CPU.Build.0 = Release|Any CPU
		{D3E4798B-F688-4507-A7D6-3CEA9E0EFE23}.Debug|Any CPU.ActiveCfg = Debug|Any CPU
		{D3E4798B-F688-4507-A7D6-3CEA9E0EFE23}.Debug|Any CPU.Build.0 = Debug|Any CPU
		{D3E4798B-F688-4507-A7D6-3CEA9E0EFE23}.Release|Any CPU.ActiveCfg = Release|Any CPU
		{D3E4798B-F688-4507-A7D6-3CEA9E0EFE23}.Release|Any CPU.Build.0 = Release|Any CPU
		{685ED1F9-07BA-4E97-97EF-17F4A207BE54}.Debug|Any CPU.ActiveCfg = Debug|Any CPU
		{685ED1F9-07BA-4E97-97EF-17F4A207BE54}.Debug|Any CPU.Build.0 = Debug|Any CPU
		{685ED1F9-07BA-4E97-97EF-17F4A207BE54}.Release|Any CPU.ActiveCfg = Release|Any CPU
		{685ED1F9-07BA-4E97-97EF-17F4A207BE54}.Release|Any CPU.Build.0 = Release|Any CPU
		{9538A82B-D11A-4D20-B8C8-E1531AD2FAF8}.Debug|Any CPU.ActiveCfg = Debug|Any CPU
		{9538A82B-D11A-4D20-B8C8-E1531AD2FAF8}.Debug|Any CPU.Build.0 = Debug|Any CPU
		{9538A82B-D11A-4D20-B8C8-E1531AD2FAF8}.Release|Any CPU.ActiveCfg = Release|Any CPU
		{9538A82B-D11A-4D20-B8C8-E1531AD2FAF8}.Release|Any CPU.Build.0 = Release|Any CPU
		{07E6D2B2-C82B-42EE-9ACD-01DB83F692BF}.Debug|Any CPU.ActiveCfg = Debug|Any CPU
		{07E6D2B2-C82B-42EE-9ACD-01DB83F692BF}.Debug|Any CPU.Build.0 = Debug|Any CPU
		{07E6D2B2-C82B-42EE-9ACD-01DB83F692BF}.Release|Any CPU.ActiveCfg = Release|Any CPU
		{07E6D2B2-C82B-42EE-9ACD-01DB83F692BF}.Release|Any CPU.Build.0 = Release|Any CPU
		{0246F494-5AD7-4EB4-A7A7-3F40F7ABCF3E}.Debug|Any CPU.ActiveCfg = Debug|Any CPU
		{0246F494-5AD7-4EB4-A7A7-3F40F7ABCF3E}.Debug|Any CPU.Build.0 = Debug|Any CPU
		{0246F494-5AD7-4EB4-A7A7-3F40F7ABCF3E}.Release|Any CPU.ActiveCfg = Release|Any CPU
		{0246F494-5AD7-4EB4-A7A7-3F40F7ABCF3E}.Release|Any CPU.Build.0 = Release|Any CPU
		{1974E80A-95D7-4B18-8DAA-F609E86DB418}.Debug|Any CPU.ActiveCfg = Debug|Any CPU
		{1974E80A-95D7-4B18-8DAA-F609E86DB418}.Debug|Any CPU.Build.0 = Debug|Any CPU
		{1974E80A-95D7-4B18-8DAA-F609E86DB418}.Release|Any CPU.ActiveCfg = Release|Any CPU
		{1974E80A-95D7-4B18-8DAA-F609E86DB418}.Release|Any CPU.Build.0 = Release|Any CPU
	EndGlobalSection
	GlobalSection(SolutionProperties) = preSolution
		HideSolutionNode = FALSE
	EndGlobalSection
	GlobalSection(NestedProjects) = preSolution
		{EA9DF52D-2B0A-4E90-92B5-9F5CD9A49A55} = {83DEE574-EE36-46A6-877D-F326A26FFC68}
		{82ABBB22-0A6D-4B54-8F9E-EACD27C7D73E} = {9670A7B4-9849-41AC-860D-6B0CDD7D8011}
		{DFF534DE-41E0-452E-8B59-9F79DFD93512} = {5DEBA629-7C74-4CBF-86BA-910D0748B9F6}
		{D7AB78CC-E06E-4BD6-8A2D-36EC59D6E005} = {3E3483A9-C3B6-4ECD-AA65-8AD094C079F5}
		{DE5E3FE4-4409-43AA-AAF7-AFFB1F908A16} = {7317AB1B-701B-4D98-90F2-FD22C26E5597}
		{AD511D86-E4E7-4EAE-AE4A-C95E6DC4E43D} = {7317AB1B-701B-4D98-90F2-FD22C26E5597}
		{09230192-4192-42CA-B0C2-09D656CB20F9} = {7317AB1B-701B-4D98-90F2-FD22C26E5597}
		{77562329-0470-478B-909E-8DB942CA846B} = {EA9DF52D-2B0A-4E90-92B5-9F5CD9A49A55}
		{7A66CE93-EFFB-4860-A645-84922548E29A} = {DFF534DE-41E0-452E-8B59-9F79DFD93512}
		{33BC6A54-ACEB-49D8-9873-9A0F9E484A12} = {D7AB78CC-E06E-4BD6-8A2D-36EC59D6E005}
		{9A51E491-69E4-42DA-890F-82FCBA22A8AB} = {BE4B5721-6B28-43F7-9342-0F77D8B09313}
		{5F5A59A8-460D-470F-B0A7-8043DEFC5930} = {82ABBB22-0A6D-4B54-8F9E-EACD27C7D73E}
		{BE4B5721-6B28-43F7-9342-0F77D8B09313} = {9670A7B4-9849-41AC-860D-6B0CDD7D8011}
		{8DAF62B5-5EC9-4642-A6E2-0C695E0F7BFE} = {DFF534DE-41E0-452E-8B59-9F79DFD93512}
		{EDC6E3E8-6A7A-45B1-819F-CF3C6B4957E5} = {9670A7B4-9849-41AC-860D-6B0CDD7D8011}
		{4EEABEAD-064E-451C-9DDA-59ED8F12E252} = {EDC6E3E8-6A7A-45B1-819F-CF3C6B4957E5}
		{6BF97EFD-6DB9-484A-BCDE-9B2B97B13798} = {7317AB1B-701B-4D98-90F2-FD22C26E5597}
		{B08F08D1-C0D0-492A-8809-B4698562D7B7} = {AD511D86-E4E7-4EAE-AE4A-C95E6DC4E43D}
		{D3E4798B-F688-4507-A7D6-3CEA9E0EFE23} = {09230192-4192-42CA-B0C2-09D656CB20F9}
		{685ED1F9-07BA-4E97-97EF-17F4A207BE54} = {6BF97EFD-6DB9-484A-BCDE-9B2B97B13798}
		{9538A82B-D11A-4D20-B8C8-E1531AD2FAF8} = {DE5E3FE4-4409-43AA-AAF7-AFFB1F908A16}
		{07E6D2B2-C82B-42EE-9ACD-01DB83F692BF} = {6BF97EFD-6DB9-484A-BCDE-9B2B97B13798}
		{0246F494-5AD7-4EB4-A7A7-3F40F7ABCF3E} = {6BF97EFD-6DB9-484A-BCDE-9B2B97B13798}
		{1974E80A-95D7-4B18-8DAA-F609E86DB418} = {AD511D86-E4E7-4EAE-AE4A-C95E6DC4E43D}
	EndGlobalSection
	GlobalSection(ExtensibilityGlobals) = postSolution
		SolutionGuid = {008A7623-C8AF-4E37-B20B-EFCAA229157D}
	EndGlobalSection
EndGlobal
