
Microsoft Visual Studio Solution File, Format Version 12.00
# Visual Studio Version 17
VisualStudioVersion = 17.8.34525.116
MinimumVisualStudioVersion = 10.0.40219.1
Project("{2150E333-8FDC-42A3-9474-1A3956D46DE8}") = "01 - Application", "01 - Application", "{83DEE574-EE36-46A6-877D-F326A26FFC68}"
EndProject
Project("{2150E333-8FDC-42A3-9474-1A3956D46DE8}") = "02 - Domain", "02 - Domain", "{5DEBA629-7C74-4CBF-86BA-910D0748B9F6}"
EndProject
Project("{2150E333-8FDC-42A3-9474-1A3956D46DE8}") = "04 - Infra", "04 - Infra", "{3E3483A9-C3B6-4ECD-AA65-8AD094C079F5}"
EndProject
Project("{2150E333-8FDC-42A3-9474-1A3956D46DE8}") = "Api", "Api", "{EA9DF52D-2B0A-4E90-92B5-9F5CD9A49A55}"
EndProject
Project("{2150E333-8FDC-42A3-9474-1A3956D46DE8}") = "Rental", "Rental", "{8E70F032-B0FB-44C6-B8CC-44C67F35C00A}"
EndProject
Project("{2150E333-8FDC-42A3-9474-1A3956D46DE8}") = "Messaging", "Messaging", "{82ABBB22-0A6D-4B54-8F9E-EACD27C7D73E}"
EndProject
Project("{2150E333-8FDC-42A3-9474-1A3956D46DE8}") = "Core", "Core", "{DFF534DE-41E0-452E-8B59-9F79DFD93512}"
EndProject
Project("{2150E333-8FDC-42A3-9474-1A3956D46DE8}") = "Infrastructure", "Infrastructure", "{D7AB78CC-E06E-4BD6-8A2D-36EC59D6E005}"
EndProject
Project("{2150E333-8FDC-42A3-9474-1A3956D46DE8}") = "Tests", "Tests", "{7317AB1B-701B-4D98-90F2-FD22C26E5597}"
EndProject
Project("{2150E333-8FDC-42A3-9474-1A3956D46DE8}") = "ApplicationTests", "ApplicationTests", "{DE5E3FE4-4409-43AA-AAF7-AFFB1F908A16}"
EndProject
Project("{2150E333-8FDC-42A3-9474-1A3956D46DE8}") = "DomainTests", "DomainTests", "{AD511D86-E4E7-4EAE-AE4A-C95E6DC4E43D}"
EndProject
Project("{2150E333-8FDC-42A3-9474-1A3956D46DE8}") = "InfrastructureTests", "InfrastructureTests", "{09230192-4192-42CA-B0C2-09D656CB20F9}"
EndProject
Project("{9A19103F-16F7-4668-BE54-9A1E7A4F7556}") = "BikeRentalSystem.Api", "src\BikeRentalSystem.Api\BikeRentalSystem.Api.csproj", "{77562329-0470-478B-909E-8DB942CA846B}"
EndProject
Project("{9A19103F-16F7-4668-BE54-9A1E7A4F7556}") = "BikeRentalSystem.Core", "src\BikeRentalSystem.Core\BikeRentalSystem.Core.csproj", "{7A66CE93-EFFB-4860-A645-84922548E29A}"
EndProject
Project("{9A19103F-16F7-4668-BE54-9A1E7A4F7556}") = "BikeRentalSystem.Infrastructure", "src\BikeRentalSystem.Infrastructure\BikeRentalSystem.Infrastructure.csproj", "{33BC6A54-ACEB-49D8-9873-9A0F9E484A12}"
EndProject
Project("{2150E333-8FDC-42A3-9474-1A3956D46DE8}") = "03 - Service", "03 - Service", "{9670A7B4-9849-41AC-860D-6B0CDD7D8011}"
EndProject
Project("{9A19103F-16F7-4668-BE54-9A1E7A4F7556}") = "BikeRentalSystem.RentalServices", "src\BikeRentalSystem.Services\BikeRentalSystem.RentalServices.csproj", "{9A51E491-69E4-42DA-890F-82FCBA22A8AB}"
EndProject
Project("{9A19103F-16F7-4668-BE54-9A1E7A4F7556}") = "BikeRentalSystem.Messaging", "src\BikeRentalSystem.Messaging\BikeRentalSystem.Messaging.csproj", "{5F5A59A8-460D-470F-B0A7-8043DEFC5930}"
EndProject
Project("{2150E333-8FDC-42A3-9474-1A3956D46DE8}") = "RentalServices", "RentalServices", "{BE4B5721-6B28-43F7-9342-0F77D8B09313}"
EndProject
Global
	GlobalSection(SolutionConfigurationPlatforms) = preSolution
		Debug|Any CPU = Debug|Any CPU
		Release|Any CPU = Release|Any CPU
	EndGlobalSection
	GlobalSection(ProjectConfigurationPlatforms) = postSolution
		{77562329-0470-478B-909E-8DB942CA846B}.Debug|Any CPU.ActiveCfg = Debug|Any CPU
		{77562329-0470-478B-909E-8DB942CA846B}.Debug|Any CPU.Build.0 = Debug|Any CPU
		{77562329-0470-478B-909E-8DB942CA846B}.Release|Any CPU.ActiveCfg = Release|Any CPU
		{77562329-0470-478B-909E-8DB942CA846B}.Release|Any CPU.Build.0 = Release|Any CPU
		{7A66CE93-EFFB-4860-A645-84922548E29A}.Debug|Any CPU.ActiveCfg = Debug|Any CPU
		{7A66CE93-EFFB-4860-A645-84922548E29A}.Debug|Any CPU.Build.0 = Debug|Any CPU
		{7A66CE93-EFFB-4860-A645-84922548E29A}.Release|Any CPU.ActiveCfg = Release|Any CPU
		{7A66CE93-EFFB-4860-A645-84922548E29A}.Release|Any CPU.Build.0 = Release|Any CPU
		{33BC6A54-ACEB-49D8-9873-9A0F9E484A12}.Debug|Any CPU.ActiveCfg = Debug|Any CPU
		{33BC6A54-ACEB-49D8-9873-9A0F9E484A12}.Debug|Any CPU.Build.0 = Debug|Any CPU
		{33BC6A54-ACEB-49D8-9873-9A0F9E484A12}.Release|Any CPU.ActiveCfg = Release|Any CPU
		{33BC6A54-ACEB-49D8-9873-9A0F9E484A12}.Release|Any CPU.Build.0 = Release|Any CPU
		{9A51E491-69E4-42DA-890F-82FCBA22A8AB}.Debug|Any CPU.ActiveCfg = Debug|Any CPU
		{9A51E491-69E4-42DA-890F-82FCBA22A8AB}.Debug|Any CPU.Build.0 = Debug|Any CPU
		{9A51E491-69E4-42DA-890F-82FCBA22A8AB}.Release|Any CPU.ActiveCfg = Release|Any CPU
		{9A51E491-69E4-42DA-890F-82FCBA22A8AB}.Release|Any CPU.Build.0 = Release|Any CPU
		{5F5A59A8-460D-470F-B0A7-8043DEFC5930}.Debug|Any CPU.ActiveCfg = Debug|Any CPU
		{5F5A59A8-460D-470F-B0A7-8043DEFC5930}.Debug|Any CPU.Build.0 = Debug|Any CPU
		{5F5A59A8-460D-470F-B0A7-8043DEFC5930}.Release|Any CPU.ActiveCfg = Release|Any CPU
		{5F5A59A8-460D-470F-B0A7-8043DEFC5930}.Release|Any CPU.Build.0 = Release|Any CPU
	EndGlobalSection
	GlobalSection(SolutionProperties) = preSolution
		HideSolutionNode = FALSE
	EndGlobalSection
	GlobalSection(NestedProjects) = preSolution
		{EA9DF52D-2B0A-4E90-92B5-9F5CD9A49A55} = {83DEE574-EE36-46A6-877D-F326A26FFC68}
		{82ABBB22-0A6D-4B54-8F9E-EACD27C7D73E} = {9670A7B4-9849-41AC-860D-6B0CDD7D8011}
		{DFF534DE-41E0-452E-8B59-9F79DFD93512} = {5DEBA629-7C74-4CBF-86BA-910D0748B9F6}
		{D7AB78CC-E06E-4BD6-8A2D-36EC59D6E005} = {3E3483A9-C3B6-4ECD-AA65-8AD094C079F5}
		{DE5E3FE4-4409-43AA-AAF7-AFFB1F908A16} = {7317AB1B-701B-4D98-90F2-FD22C26E5597}
		{AD511D86-E4E7-4EAE-AE4A-C95E6DC4E43D} = {7317AB1B-701B-4D98-90F2-FD22C26E5597}
		{09230192-4192-42CA-B0C2-09D656CB20F9} = {7317AB1B-701B-4D98-90F2-FD22C26E5597}
		{77562329-0470-478B-909E-8DB942CA846B} = {EA9DF52D-2B0A-4E90-92B5-9F5CD9A49A55}
		{7A66CE93-EFFB-4860-A645-84922548E29A} = {DFF534DE-41E0-452E-8B59-9F79DFD93512}
		{33BC6A54-ACEB-49D8-9873-9A0F9E484A12} = {D7AB78CC-E06E-4BD6-8A2D-36EC59D6E005}
		{9A51E491-69E4-42DA-890F-82FCBA22A8AB} = {BE4B5721-6B28-43F7-9342-0F77D8B09313}
		{5F5A59A8-460D-470F-B0A7-8043DEFC5930} = {82ABBB22-0A6D-4B54-8F9E-EACD27C7D73E}
		{BE4B5721-6B28-43F7-9342-0F77D8B09313} = {9670A7B4-9849-41AC-860D-6B0CDD7D8011}
	EndGlobalSection
	GlobalSection(ExtensibilityGlobals) = postSolution
		SolutionGuid = {008A7623-C8AF-4E37-B20B-EFCAA229157D}
	EndGlobalSection
EndGlobal
